// !$*UTF8*$!
{
	archiveVersion = 1;
	classes = {
	};
	objectVersion = 50;
	objects = {

/* Begin PBXBuildFile section */
		9001776D263BA2F0004E781B /* SubtitleCell.swift in Sources */ = {isa = PBXBuildFile; fileRef = 9001776C263BA2F0004E781B /* SubtitleCell.swift */; };
		900A961F263AD7AC000A095D /* CustomLabel.swift in Sources */ = {isa = PBXBuildFile; fileRef = 900A961E263AD7AC000A095D /* CustomLabel.swift */; };
		900A9621263AFC7A000A095D /* EditorController.swift in Sources */ = {isa = PBXBuildFile; fileRef = 900A9620263AFC7A000A095D /* EditorController.swift */; };
		9034C37F263C316800D4F00C /* GenericButton.swift in Sources */ = {isa = PBXBuildFile; fileRef = 9034C37E263C316800D4F00C /* GenericButton.swift */; };
		9034C382263C4FF600D4F00C /* AddJournalViewController.swift in Sources */ = {isa = PBXBuildFile; fileRef = 9034C380263C4FF600D4F00C /* AddJournalViewController.swift */; };
		9034C383263C4FF600D4F00C /* AddJournalViewController.xib in Resources */ = {isa = PBXBuildFile; fileRef = 9034C381263C4FF600D4F00C /* AddJournalViewController.xib */; };
		9034C385263C6A8700D4F00C /* RecordVideoController.swift in Sources */ = {isa = PBXBuildFile; fileRef = 9034C384263C6A8700D4F00C /* RecordVideoController.swift */; };
		9034C387263C6E6300D4F00C /* VideoHelper.swift in Sources */ = {isa = PBXBuildFile; fileRef = 9034C386263C6E6300D4F00C /* VideoHelper.swift */; };
		9059765D263E3CAB008CA001 /* DatabaseHelper.swift in Sources */ = {isa = PBXBuildFile; fileRef = 9059765C263E3CAB008CA001 /* DatabaseHelper.swift */; };
		908B345E2639954C002A6881 /* AppDelegate.swift in Sources */ = {isa = PBXBuildFile; fileRef = 908B345D2639954C002A6881 /* AppDelegate.swift */; };
		908B34602639954C002A6881 /* SceneDelegate.swift in Sources */ = {isa = PBXBuildFile; fileRef = 908B345F2639954C002A6881 /* SceneDelegate.swift */; };
		908B34622639954C002A6881 /* ViewController.swift in Sources */ = {isa = PBXBuildFile; fileRef = 908B34612639954C002A6881 /* ViewController.swift */; };
		908B34652639954C002A6881 /* Main.storyboard in Resources */ = {isa = PBXBuildFile; fileRef = 908B34632639954C002A6881 /* Main.storyboard */; };
		908B34682639954C002A6881 /* Protagonist.xcdatamodeld in Sources */ = {isa = PBXBuildFile; fileRef = 908B34662639954C002A6881 /* Protagonist.xcdatamodeld */; };
		908B346A2639954D002A6881 /* Assets.xcassets in Resources */ = {isa = PBXBuildFile; fileRef = 908B34692639954D002A6881 /* Assets.xcassets */; };
		908B346D2639954D002A6881 /* LaunchScreen.storyboard in Resources */ = {isa = PBXBuildFile; fileRef = 908B346B2639954D002A6881 /* LaunchScreen.storyboard */; };
		908B348626399E1B002A6881 /* Product Sans Italic.ttf in Resources */ = {isa = PBXBuildFile; fileRef = 908B348226399E1B002A6881 /* Product Sans Italic.ttf */; };
		908B348726399E1B002A6881 /* Product Sans Regular.ttf in Resources */ = {isa = PBXBuildFile; fileRef = 908B348326399E1B002A6881 /* Product Sans Regular.ttf */; };
		908B348826399E1B002A6881 /* Product Sans Bold.ttf in Resources */ = {isa = PBXBuildFile; fileRef = 908B348426399E1B002A6881 /* Product Sans Bold.ttf */; };
		908B348926399E1B002A6881 /* Product Sans Bold Italic.ttf in Resources */ = {isa = PBXBuildFile; fileRef = 908B348526399E1B002A6881 /* Product Sans Bold Italic.ttf */; };
		908B34902639A84D002A6881 /* JournalCell.swift in Sources */ = {isa = PBXBuildFile; fileRef = 908B348E2639A84D002A6881 /* JournalCell.swift */; };
		908B34912639A84D002A6881 /* JournalCell.xib in Resources */ = {isa = PBXBuildFile; fileRef = 908B348F2639A84D002A6881 /* JournalCell.xib */; };
		908B349E263A2019002A6881 /* JournalCellPlaceholder.swift in Sources */ = {isa = PBXBuildFile; fileRef = 908B349C263A2019002A6881 /* JournalCellPlaceholder.swift */; };
		908B349F263A2019002A6881 /* JournalCellPlaceholder.xib in Resources */ = {isa = PBXBuildFile; fileRef = 908B349D263A2019002A6881 /* JournalCellPlaceholder.xib */; };
		908B34A8263A678E002A6881 /* EntryCell.swift in Sources */ = {isa = PBXBuildFile; fileRef = 908B34A6263A678E002A6881 /* EntryCell.swift */; };
		908B34A9263A678E002A6881 /* EntryCell.xib in Resources */ = {isa = PBXBuildFile; fileRef = 908B34A7263A678E002A6881 /* EntryCell.xib */; };
		908B34D0263A72CB002A6881 /* JournalEntriesController.swift in Sources */ = {isa = PBXBuildFile; fileRef = 908B34CF263A72CB002A6881 /* JournalEntriesController.swift */; };
		9099F512263D74B40099A3F3 /* JournalEntry+CoreDataClass.swift in Sources */ = {isa = PBXBuildFile; fileRef = 9099F50E263D74B40099A3F3 /* JournalEntry+CoreDataClass.swift */; };
		9099F513263D74B40099A3F3 /* JournalEntry+CoreDataProperties.swift in Sources */ = {isa = PBXBuildFile; fileRef = 9099F50F263D74B40099A3F3 /* JournalEntry+CoreDataProperties.swift */; };
		9099F514263D74B40099A3F3 /* JournalData+CoreDataClass.swift in Sources */ = {isa = PBXBuildFile; fileRef = 9099F510263D74B40099A3F3 /* JournalData+CoreDataClass.swift */; };
		9099F515263D74B40099A3F3 /* JournalData+CoreDataProperties.swift in Sources */ = {isa = PBXBuildFile; fileRef = 9099F511263D74B40099A3F3 /* JournalData+CoreDataProperties.swift */; };
		9099F51A263E2CE00099A3F3 /* HeaderCell.swift in Sources */ = {isa = PBXBuildFile; fileRef = 9099F518263E2CE00099A3F3 /* HeaderCell.swift */; };
		9099F51B263E2CE00099A3F3 /* HeaderCell.xib in Resources */ = {isa = PBXBuildFile; fileRef = 9099F519263E2CE00099A3F3 /* HeaderCell.xib */; };
		90D331B0263B0E4D00AC4913 /* RoundedCard.swift in Sources */ = {isa = PBXBuildFile; fileRef = 90D331AF263B0E4D00AC4913 /* RoundedCard.swift */; };
/* End PBXBuildFile section */

/* Begin PBXFileReference section */
		9001776C263BA2F0004E781B /* SubtitleCell.swift */ = {isa = PBXFileReference; lastKnownFileType = sourcecode.swift; path = SubtitleCell.swift; sourceTree = "<group>"; };
		900A961E263AD7AC000A095D /* CustomLabel.swift */ = {isa = PBXFileReference; lastKnownFileType = sourcecode.swift; path = CustomLabel.swift; sourceTree = "<group>"; };
		900A9620263AFC7A000A095D /* EditorController.swift */ = {isa = PBXFileReference; lastKnownFileType = sourcecode.swift; path = EditorController.swift; sourceTree = "<group>"; };
		9034C37E263C316800D4F00C /* GenericButton.swift */ = {isa = PBXFileReference; lastKnownFileType = sourcecode.swift; path = GenericButton.swift; sourceTree = "<group>"; };
		9034C380263C4FF600D4F00C /* AddJournalViewController.swift */ = {isa = PBXFileReference; lastKnownFileType = sourcecode.swift; path = AddJournalViewController.swift; sourceTree = "<group>"; };
		9034C381263C4FF600D4F00C /* AddJournalViewController.xib */ = {isa = PBXFileReference; lastKnownFileType = file.xib; path = AddJournalViewController.xib; sourceTree = "<group>"; };
		9034C384263C6A8700D4F00C /* RecordVideoController.swift */ = {isa = PBXFileReference; lastKnownFileType = sourcecode.swift; path = RecordVideoController.swift; sourceTree = "<group>"; };
		9034C386263C6E6300D4F00C /* VideoHelper.swift */ = {isa = PBXFileReference; lastKnownFileType = sourcecode.swift; path = VideoHelper.swift; sourceTree = "<group>"; };
		9059765C263E3CAB008CA001 /* DatabaseHelper.swift */ = {isa = PBXFileReference; lastKnownFileType = sourcecode.swift; path = DatabaseHelper.swift; sourceTree = "<group>"; };
		908B345A2639954C002A6881 /* Protagonist.app */ = {isa = PBXFileReference; explicitFileType = wrapper.application; includeInIndex = 0; path = Protagonist.app; sourceTree = BUILT_PRODUCTS_DIR; };
		908B345D2639954C002A6881 /* AppDelegate.swift */ = {isa = PBXFileReference; lastKnownFileType = sourcecode.swift; path = AppDelegate.swift; sourceTree = "<group>"; };
		908B345F2639954C002A6881 /* SceneDelegate.swift */ = {isa = PBXFileReference; lastKnownFileType = sourcecode.swift; path = SceneDelegate.swift; sourceTree = "<group>"; };
		908B34612639954C002A6881 /* ViewController.swift */ = {isa = PBXFileReference; lastKnownFileType = sourcecode.swift; path = ViewController.swift; sourceTree = "<group>"; };
		908B34642639954C002A6881 /* Base */ = {isa = PBXFileReference; lastKnownFileType = file.storyboard; name = Base; path = Base.lproj/Main.storyboard; sourceTree = "<group>"; };
		908B34672639954C002A6881 /* Protagonist.xcdatamodel */ = {isa = PBXFileReference; lastKnownFileType = wrapper.xcdatamodel; path = Protagonist.xcdatamodel; sourceTree = "<group>"; };
		908B34692639954D002A6881 /* Assets.xcassets */ = {isa = PBXFileReference; lastKnownFileType = folder.assetcatalog; path = Assets.xcassets; sourceTree = "<group>"; };
		908B346C2639954D002A6881 /* Base */ = {isa = PBXFileReference; lastKnownFileType = file.storyboard; name = Base; path = Base.lproj/LaunchScreen.storyboard; sourceTree = "<group>"; };
		908B346E2639954D002A6881 /* Info.plist */ = {isa = PBXFileReference; lastKnownFileType = text.plist.xml; path = Info.plist; sourceTree = "<group>"; };
		908B348226399E1B002A6881 /* Product Sans Italic.ttf */ = {isa = PBXFileReference; lastKnownFileType = file; name = "Product Sans Italic.ttf"; path = "../../../../../../Library/Fonts/Product Sans Italic.ttf"; sourceTree = "<group>"; };
		908B348326399E1B002A6881 /* Product Sans Regular.ttf */ = {isa = PBXFileReference; lastKnownFileType = file; name = "Product Sans Regular.ttf"; path = "../../../../../../Library/Fonts/Product Sans Regular.ttf"; sourceTree = "<group>"; };
		908B348426399E1B002A6881 /* Product Sans Bold.ttf */ = {isa = PBXFileReference; lastKnownFileType = file; name = "Product Sans Bold.ttf"; path = "../../../../../../Library/Fonts/Product Sans Bold.ttf"; sourceTree = "<group>"; };
		908B348526399E1B002A6881 /* Product Sans Bold Italic.ttf */ = {isa = PBXFileReference; lastKnownFileType = file; name = "Product Sans Bold Italic.ttf"; path = "../../../../../../Library/Fonts/Product Sans Bold Italic.ttf"; sourceTree = "<group>"; };
		908B348E2639A84D002A6881 /* JournalCell.swift */ = {isa = PBXFileReference; lastKnownFileType = sourcecode.swift; path = JournalCell.swift; sourceTree = "<group>"; };
		908B348F2639A84D002A6881 /* JournalCell.xib */ = {isa = PBXFileReference; lastKnownFileType = file.xib; path = JournalCell.xib; sourceTree = "<group>"; };
		908B349C263A2019002A6881 /* JournalCellPlaceholder.swift */ = {isa = PBXFileReference; lastKnownFileType = sourcecode.swift; path = JournalCellPlaceholder.swift; sourceTree = "<group>"; };
		908B349D263A2019002A6881 /* JournalCellPlaceholder.xib */ = {isa = PBXFileReference; lastKnownFileType = file.xib; path = JournalCellPlaceholder.xib; sourceTree = "<group>"; };
		908B34A6263A678E002A6881 /* EntryCell.swift */ = {isa = PBXFileReference; lastKnownFileType = sourcecode.swift; path = EntryCell.swift; sourceTree = "<group>"; };
		908B34A7263A678E002A6881 /* EntryCell.xib */ = {isa = PBXFileReference; lastKnownFileType = file.xib; path = EntryCell.xib; sourceTree = "<group>"; };
		908B34CF263A72CB002A6881 /* JournalEntriesController.swift */ = {isa = PBXFileReference; lastKnownFileType = sourcecode.swift; path = JournalEntriesController.swift; sourceTree = "<group>"; };
		9099F50E263D74B40099A3F3 /* JournalEntry+CoreDataClass.swift */ = {isa = PBXFileReference; lastKnownFileType = sourcecode.swift; path = "JournalEntry+CoreDataClass.swift"; sourceTree = "<group>"; };
		9099F50F263D74B40099A3F3 /* JournalEntry+CoreDataProperties.swift */ = {isa = PBXFileReference; lastKnownFileType = sourcecode.swift; path = "JournalEntry+CoreDataProperties.swift"; sourceTree = "<group>"; };
		9099F510263D74B40099A3F3 /* JournalData+CoreDataClass.swift */ = {isa = PBXFileReference; lastKnownFileType = sourcecode.swift; path = "JournalData+CoreDataClass.swift"; sourceTree = "<group>"; };
		9099F511263D74B40099A3F3 /* JournalData+CoreDataProperties.swift */ = {isa = PBXFileReference; lastKnownFileType = sourcecode.swift; path = "JournalData+CoreDataProperties.swift"; sourceTree = "<group>"; };
		9099F518263E2CE00099A3F3 /* HeaderCell.swift */ = {isa = PBXFileReference; lastKnownFileType = sourcecode.swift; path = HeaderCell.swift; sourceTree = "<group>"; };
		9099F519263E2CE00099A3F3 /* HeaderCell.xib */ = {isa = PBXFileReference; lastKnownFileType = file.xib; path = HeaderCell.xib; sourceTree = "<group>"; };
		90D331AF263B0E4D00AC4913 /* RoundedCard.swift */ = {isa = PBXFileReference; lastKnownFileType = sourcecode.swift; path = RoundedCard.swift; sourceTree = "<group>"; };
/* End PBXFileReference section */

/* Begin PBXFrameworksBuildPhase section */
		908B34572639954C002A6881 /* Frameworks */ = {
			isa = PBXFrameworksBuildPhase;
			buildActionMask = 2147483647;
			files = (
			);
			runOnlyForDeploymentPostprocessing = 0;
		};
/* End PBXFrameworksBuildPhase section */

/* Begin PBXGroup section */
		908B34512639954C002A6881 = {
			isa = PBXGroup;
			children = (
				908B345C2639954C002A6881 /* Protagonist */,
				908B345B2639954C002A6881 /* Products */,
			);
			sourceTree = "<group>";
		};
		908B345B2639954C002A6881 /* Products */ = {
			isa = PBXGroup;
			children = (
				908B345A2639954C002A6881 /* Protagonist.app */,
			);
			name = Products;
			sourceTree = "<group>";
		};
		908B345C2639954C002A6881 /* Protagonist */ = {
			isa = PBXGroup;
			children = (
				908B345D2639954C002A6881 /* AppDelegate.swift */,
				908B345F2639954C002A6881 /* SceneDelegate.swift */,
				908B347F26399A67002A6881 /* XIB */,
				908B3474263999D4002A6881 /* Models */,
				908B3475263999E7002A6881 /* Views */,
				908B3476263999EE002A6881 /* Controllers */,
				908B34692639954D002A6881 /* Assets.xcassets */,
				908B346B2639954D002A6881 /* LaunchScreen.storyboard */,
				908B346E2639954D002A6881 /* Info.plist */,
				908B34662639954C002A6881 /* Protagonist.xcdatamodeld */,
				908B348026399DEC002A6881 /* Assets */,
			);
			path = Protagonist;
			sourceTree = "<group>";
		};
		908B3474263999D4002A6881 /* Models */ = {
			isa = PBXGroup;
			children = (
				9059765C263E3CAB008CA001 /* DatabaseHelper.swift */,
				90D331AF263B0E4D00AC4913 /* RoundedCard.swift */,
				900A961E263AD7AC000A095D /* CustomLabel.swift */,
				9034C37E263C316800D4F00C /* GenericButton.swift */,
				9099F50E263D74B40099A3F3 /* JournalEntry+CoreDataClass.swift */,
				9099F50F263D74B40099A3F3 /* JournalEntry+CoreDataProperties.swift */,
				9099F510263D74B40099A3F3 /* JournalData+CoreDataClass.swift */,
				9099F511263D74B40099A3F3 /* JournalData+CoreDataProperties.swift */,
			);
			path = Models;
			sourceTree = "<group>";
		};
		908B3475263999E7002A6881 /* Views */ = {
			isa = PBXGroup;
			children = (
				908B34632639954C002A6881 /* Main.storyboard */,
				908B34612639954C002A6881 /* ViewController.swift */,
				908B34CF263A72CB002A6881 /* JournalEntriesController.swift */,
				900A9620263AFC7A000A095D /* EditorController.swift */,
			);
			path = Views;
			sourceTree = "<group>";
		};
		908B3476263999EE002A6881 /* Controllers */ = {
			isa = PBXGroup;
			children = (
				9034C384263C6A8700D4F00C /* RecordVideoController.swift */,
				9034C386263C6E6300D4F00C /* VideoHelper.swift */,
			);
			path = Controllers;
			sourceTree = "<group>";
		};
		908B347F26399A67002A6881 /* XIB */ = {
			isa = PBXGroup;
			children = (
				9099F518263E2CE00099A3F3 /* HeaderCell.swift */,
				9099F519263E2CE00099A3F3 /* HeaderCell.xib */,
				908B348E2639A84D002A6881 /* JournalCell.swift */,
				908B348F2639A84D002A6881 /* JournalCell.xib */,
				908B349C263A2019002A6881 /* JournalCellPlaceholder.swift */,
				908B349D263A2019002A6881 /* JournalCellPlaceholder.xib */,
				908B34A6263A678E002A6881 /* EntryCell.swift */,
				908B34A7263A678E002A6881 /* EntryCell.xib */,
				9001776C263BA2F0004E781B /* SubtitleCell.swift */,
				9034C380263C4FF600D4F00C /* AddJournalViewController.swift */,
				9034C381263C4FF600D4F00C /* AddJournalViewController.xib */,
			);
			path = XIB;
			sourceTree = "<group>";
		};
		908B348026399DEC002A6881 /* Assets */ = {
			isa = PBXGroup;
			children = (
				908B348126399DFB002A6881 /* Fonts */,
			);
			path = Assets;
			sourceTree = "<group>";
		};
		908B348126399DFB002A6881 /* Fonts */ = {
			isa = PBXGroup;
			children = (
				908B348526399E1B002A6881 /* Product Sans Bold Italic.ttf */,
				908B348426399E1B002A6881 /* Product Sans Bold.ttf */,
				908B348226399E1B002A6881 /* Product Sans Italic.ttf */,
				908B348326399E1B002A6881 /* Product Sans Regular.ttf */,
			);
			path = Fonts;
			sourceTree = "<group>";
		};
/* End PBXGroup section */

/* Begin PBXNativeTarget section */
		908B34592639954C002A6881 /* Protagonist */ = {
			isa = PBXNativeTarget;
			buildConfigurationList = 908B34712639954D002A6881 /* Build configuration list for PBXNativeTarget "Protagonist" */;
			buildPhases = (
				908B34562639954C002A6881 /* Sources */,
				908B34572639954C002A6881 /* Frameworks */,
				908B34582639954C002A6881 /* Resources */,
			);
			buildRules = (
			);
			dependencies = (
			);
			name = Protagonist;
			productName = Protagonist;
			productReference = 908B345A2639954C002A6881 /* Protagonist.app */;
			productType = "com.apple.product-type.application";
		};
/* End PBXNativeTarget section */

/* Begin PBXProject section */
		908B34522639954C002A6881 /* Project object */ = {
			isa = PBXProject;
			attributes = {
				LastSwiftUpdateCheck = 1250;
				LastUpgradeCheck = 1250;
				TargetAttributes = {
					908B34592639954C002A6881 = {
						CreatedOnToolsVersion = 12.5;
					};
				};
			};
			buildConfigurationList = 908B34552639954C002A6881 /* Build configuration list for PBXProject "Protagonist" */;
			compatibilityVersion = "Xcode 9.3";
			developmentRegion = en;
			hasScannedForEncodings = 0;
			knownRegions = (
				en,
				Base,
			);
			mainGroup = 908B34512639954C002A6881;
			productRefGroup = 908B345B2639954C002A6881 /* Products */;
			projectDirPath = "";
			projectRoot = "";
			targets = (
				908B34592639954C002A6881 /* Protagonist */,
			);
		};
/* End PBXProject section */

/* Begin PBXResourcesBuildPhase section */
		908B34582639954C002A6881 /* Resources */ = {
			isa = PBXResourcesBuildPhase;
			buildActionMask = 2147483647;
			files = (
				908B34A9263A678E002A6881 /* EntryCell.xib in Resources */,
				908B348926399E1B002A6881 /* Product Sans Bold Italic.ttf in Resources */,
				908B346D2639954D002A6881 /* LaunchScreen.storyboard in Resources */,
				908B348726399E1B002A6881 /* Product Sans Regular.ttf in Resources */,
				9099F51B263E2CE00099A3F3 /* HeaderCell.xib in Resources */,
				908B349F263A2019002A6881 /* JournalCellPlaceholder.xib in Resources */,
				908B34912639A84D002A6881 /* JournalCell.xib in Resources */,
				908B348826399E1B002A6881 /* Product Sans Bold.ttf in Resources */,
				9034C383263C4FF600D4F00C /* AddJournalViewController.xib in Resources */,
				908B346A2639954D002A6881 /* Assets.xcassets in Resources */,
				908B34652639954C002A6881 /* Main.storyboard in Resources */,
				908B348626399E1B002A6881 /* Product Sans Italic.ttf in Resources */,
			);
			runOnlyForDeploymentPostprocessing = 0;
		};
/* End PBXResourcesBuildPhase section */

/* Begin PBXSourcesBuildPhase section */
		908B34562639954C002A6881 /* Sources */ = {
			isa = PBXSourcesBuildPhase;
			buildActionMask = 2147483647;
			files = (
				908B34902639A84D002A6881 /* JournalCell.swift in Sources */,
				9099F513263D74B40099A3F3 /* JournalEntry+CoreDataProperties.swift in Sources */,
				9034C387263C6E6300D4F00C /* VideoHelper.swift in Sources */,
				908B34622639954C002A6881 /* ViewController.swift in Sources */,
				9034C37F263C316800D4F00C /* GenericButton.swift in Sources */,
				9001776D263BA2F0004E781B /* SubtitleCell.swift in Sources */,
				9099F515263D74B40099A3F3 /* JournalData+CoreDataProperties.swift in Sources */,
				900A961F263AD7AC000A095D /* CustomLabel.swift in Sources */,
				908B34A8263A678E002A6881 /* EntryCell.swift in Sources */,
				9099F51A263E2CE00099A3F3 /* HeaderCell.swift in Sources */,
				9059765D263E3CAB008CA001 /* DatabaseHelper.swift in Sources */,
				908B349E263A2019002A6881 /* JournalCellPlaceholder.swift in Sources */,
				90D331B0263B0E4D00AC4913 /* RoundedCard.swift in Sources */,
				9099F512263D74B40099A3F3 /* JournalEntry+CoreDataClass.swift in Sources */,
				9034C385263C6A8700D4F00C /* RecordVideoController.swift in Sources */,
				900A9621263AFC7A000A095D /* EditorController.swift in Sources */,
				908B34D0263A72CB002A6881 /* JournalEntriesController.swift in Sources */,
				908B345E2639954C002A6881 /* AppDelegate.swift in Sources */,
				908B34682639954C002A6881 /* Protagonist.xcdatamodeld in Sources */,
				9034C382263C4FF600D4F00C /* AddJournalViewController.swift in Sources */,
				908B34602639954C002A6881 /* SceneDelegate.swift in Sources */,
				9099F514263D74B40099A3F3 /* JournalData+CoreDataClass.swift in Sources */,
			);
			runOnlyForDeploymentPostprocessing = 0;
		};
/* End PBXSourcesBuildPhase section */

/* Begin PBXVariantGroup section */
		908B34632639954C002A6881 /* Main.storyboard */ = {
			isa = PBXVariantGroup;
			children = (
				908B34642639954C002A6881 /* Base */,
			);
			name = Main.storyboard;
			sourceTree = "<group>";
		};
		908B346B2639954D002A6881 /* LaunchScreen.storyboard */ = {
			isa = PBXVariantGroup;
			children = (
				908B346C2639954D002A6881 /* Base */,
			);
			name = LaunchScreen.storyboard;
			sourceTree = "<group>";
		};
/* End PBXVariantGroup section */

/* Begin XCBuildConfiguration section */
		908B346F2639954D002A6881 /* Debug */ = {
			isa = XCBuildConfiguration;
			buildSettings = {
				ALWAYS_SEARCH_USER_PATHS = NO;
				CLANG_ANALYZER_NONNULL = YES;
				CLANG_ANALYZER_NUMBER_OBJECT_CONVERSION = YES_AGGRESSIVE;
				CLANG_CXX_LANGUAGE_STANDARD = "gnu++14";
				CLANG_CXX_LIBRARY = "libc++";
				CLANG_ENABLE_MODULES = YES;
				CLANG_ENABLE_OBJC_ARC = YES;
				CLANG_ENABLE_OBJC_WEAK = YES;
				CLANG_WARN_BLOCK_CAPTURE_AUTORELEASING = YES;
				CLANG_WARN_BOOL_CONVERSION = YES;
				CLANG_WARN_COMMA = YES;
				CLANG_WARN_CONSTANT_CONVERSION = YES;
				CLANG_WARN_DEPRECATED_OBJC_IMPLEMENTATIONS = YES;
				CLANG_WARN_DIRECT_OBJC_ISA_USAGE = YES_ERROR;
				CLANG_WARN_DOCUMENTATION_COMMENTS = YES;
				CLANG_WARN_EMPTY_BODY = YES;
				CLANG_WARN_ENUM_CONVERSION = YES;
				CLANG_WARN_INFINITE_RECURSION = YES;
				CLANG_WARN_INT_CONVERSION = YES;
				CLANG_WARN_NON_LITERAL_NULL_CONVERSION = YES;
				CLANG_WARN_OBJC_IMPLICIT_RETAIN_SELF = YES;
				CLANG_WARN_OBJC_LITERAL_CONVERSION = YES;
				CLANG_WARN_OBJC_ROOT_CLASS = YES_ERROR;
				CLANG_WARN_QUOTED_INCLUDE_IN_FRAMEWORK_HEADER = YES;
				CLANG_WARN_RANGE_LOOP_ANALYSIS = YES;
				CLANG_WARN_STRICT_PROTOTYPES = YES;
				CLANG_WARN_SUSPICIOUS_MOVE = YES;
				CLANG_WARN_UNGUARDED_AVAILABILITY = YES_AGGRESSIVE;
				CLANG_WARN_UNREACHABLE_CODE = YES;
				CLANG_WARN__DUPLICATE_METHOD_MATCH = YES;
				COPY_PHASE_STRIP = NO;
				DEBUG_INFORMATION_FORMAT = dwarf;
				ENABLE_STRICT_OBJC_MSGSEND = YES;
				ENABLE_TESTABILITY = YES;
				GCC_C_LANGUAGE_STANDARD = gnu11;
				GCC_DYNAMIC_NO_PIC = NO;
				GCC_NO_COMMON_BLOCKS = YES;
				GCC_OPTIMIZATION_LEVEL = 0;
				GCC_PREPROCESSOR_DEFINITIONS = (
					"DEBUG=1",
					"$(inherited)",
				);
				GCC_WARN_64_TO_32_BIT_CONVERSION = YES;
				GCC_WARN_ABOUT_RETURN_TYPE = YES_ERROR;
				GCC_WARN_UNDECLARED_SELECTOR = YES;
				GCC_WARN_UNINITIALIZED_AUTOS = YES_AGGRESSIVE;
				GCC_WARN_UNUSED_FUNCTION = YES;
				GCC_WARN_UNUSED_VARIABLE = YES;
				IPHONEOS_DEPLOYMENT_TARGET = 14.5;
				MTL_ENABLE_DEBUG_INFO = INCLUDE_SOURCE;
				MTL_FAST_MATH = YES;
				ONLY_ACTIVE_ARCH = YES;
				SDKROOT = iphoneos;
				SWIFT_ACTIVE_COMPILATION_CONDITIONS = DEBUG;
				SWIFT_OPTIMIZATION_LEVEL = "-Onone";
			};
			name = Debug;
		};
		908B34702639954D002A6881 /* Release */ = {
			isa = XCBuildConfiguration;
			buildSettings = {
				ALWAYS_SEARCH_USER_PATHS = NO;
				CLANG_ANALYZER_NONNULL = YES;
				CLANG_ANALYZER_NUMBER_OBJECT_CONVERSION = YES_AGGRESSIVE;
				CLANG_CXX_LANGUAGE_STANDARD = "gnu++14";
				CLANG_CXX_LIBRARY = "libc++";
				CLANG_ENABLE_MODULES = YES;
				CLANG_ENABLE_OBJC_ARC = YES;
				CLANG_ENABLE_OBJC_WEAK = YES;
				CLANG_WARN_BLOCK_CAPTURE_AUTORELEASING = YES;
				CLANG_WARN_BOOL_CONVERSION = YES;
				CLANG_WARN_COMMA = YES;
				CLANG_WARN_CONSTANT_CONVERSION = YES;
				CLANG_WARN_DEPRECATED_OBJC_IMPLEMENTATIONS = YES;
				CLANG_WARN_DIRECT_OBJC_ISA_USAGE = YES_ERROR;
				CLANG_WARN_DOCUMENTATION_COMMENTS = YES;
				CLANG_WARN_EMPTY_BODY = YES;
				CLANG_WARN_ENUM_CONVERSION = YES;
				CLANG_WARN_INFINITE_RECURSION = YES;
				CLANG_WARN_INT_CONVERSION = YES;
				CLANG_WARN_NON_LITERAL_NULL_CONVERSION = YES;
				CLANG_WARN_OBJC_IMPLICIT_RETAIN_SELF = YES;
				CLANG_WARN_OBJC_LITERAL_CONVERSION = YES;
				CLANG_WARN_OBJC_ROOT_CLASS = YES_ERROR;
				CLANG_WARN_QUOTED_INCLUDE_IN_FRAMEWORK_HEADER = YES;
				CLANG_WARN_RANGE_LOOP_ANALYSIS = YES;
				CLANG_WARN_STRICT_PROTOTYPES = YES;
				CLANG_WARN_SUSPICIOUS_MOVE = YES;
				CLANG_WARN_UNGUARDED_AVAILABILITY = YES_AGGRESSIVE;
				CLANG_WARN_UNREACHABLE_CODE = YES;
				CLANG_WARN__DUPLICATE_METHOD_MATCH = YES;
				COPY_PHASE_STRIP = NO;
				DEBUG_INFORMATION_FORMAT = "dwarf-with-dsym";
				ENABLE_NS_ASSERTIONS = NO;
				ENABLE_STRICT_OBJC_MSGSEND = YES;
				GCC_C_LANGUAGE_STANDARD = gnu11;
				GCC_NO_COMMON_BLOCKS = YES;
				GCC_WARN_64_TO_32_BIT_CONVERSION = YES;
				GCC_WARN_ABOUT_RETURN_TYPE = YES_ERROR;
				GCC_WARN_UNDECLARED_SELECTOR = YES;
				GCC_WARN_UNINITIALIZED_AUTOS = YES_AGGRESSIVE;
				GCC_WARN_UNUSED_FUNCTION = YES;
				GCC_WARN_UNUSED_VARIABLE = YES;
				IPHONEOS_DEPLOYMENT_TARGET = 14.5;
				MTL_ENABLE_DEBUG_INFO = NO;
				MTL_FAST_MATH = YES;
				SDKROOT = iphoneos;
				SWIFT_COMPILATION_MODE = wholemodule;
				SWIFT_OPTIMIZATION_LEVEL = "-O";
				VALIDATE_PRODUCT = YES;
			};
			name = Release;
		};
		908B34722639954D002A6881 /* Debug */ = {
			isa = XCBuildConfiguration;
			buildSettings = {
				ASSETCATALOG_COMPILER_APPICON_NAME = AppIcon;
				ASSETCATALOG_COMPILER_GLOBAL_ACCENT_COLOR_NAME = AccentColor;
				CODE_SIGN_STYLE = Automatic;
				DEVELOPMENT_TEAM = S6LU55DTCY;
				INFOPLIST_FILE = Protagonist/Info.plist;
				LD_RUNPATH_SEARCH_PATHS = (
					"$(inherited)",
					"@executable_path/Frameworks",
				);
				PRODUCT_BUNDLE_IDENTIFIER = edu.yahya.Protagonist;
				PRODUCT_NAME = "$(TARGET_NAME)";
				SWIFT_VERSION = 5.0;
				TARGETED_DEVICE_FAMILY = "1,2";
			};
			name = Debug;
		};
		908B34732639954D002A6881 /* Release */ = {
			isa = XCBuildConfiguration;
			buildSettings = {
				ASSETCATALOG_COMPILER_APPICON_NAME = AppIcon;
				ASSETCATALOG_COMPILER_GLOBAL_ACCENT_COLOR_NAME = AccentColor;
				CODE_SIGN_STYLE = Automatic;
				DEVELOPMENT_TEAM = S6LU55DTCY;
				INFOPLIST_FILE = Protagonist/Info.plist;
				LD_RUNPATH_SEARCH_PATHS = (
					"$(inherited)",
					"@executable_path/Frameworks",
				);
				PRODUCT_BUNDLE_IDENTIFIER = edu.yahya.Protagonist;
				PRODUCT_NAME = "$(TARGET_NAME)";
				SWIFT_VERSION = 5.0;
				TARGETED_DEVICE_FAMILY = "1,2";
			};
			name = Release;
		};
/* End XCBuildConfiguration section */

/* Begin XCConfigurationList section */
		908B34552639954C002A6881 /* Build configuration list for PBXProject "Protagonist" */ = {
			isa = XCConfigurationList;
			buildConfigurations = (
				908B346F2639954D002A6881 /* Debug */,
				908B34702639954D002A6881 /* Release */,
			);
			defaultConfigurationIsVisible = 0;
			defaultConfigurationName = Release;
		};
		908B34712639954D002A6881 /* Build configuration list for PBXNativeTarget "Protagonist" */ = {
			isa = XCConfigurationList;
			buildConfigurations = (
				908B34722639954D002A6881 /* Debug */,
				908B34732639954D002A6881 /* Release */,
			);
			defaultConfigurationIsVisible = 0;
			defaultConfigurationName = Release;
		};
/* End XCConfigurationList section */

/* Begin XCVersionGroup section */
		908B34662639954C002A6881 /* Protagonist.xcdatamodeld */ = {
			isa = XCVersionGroup;
			children = (
				908B34672639954C002A6881 /* Protagonist.xcdatamodel */,
			);
			currentVersion = 908B34672639954C002A6881 /* Protagonist.xcdatamodel */;
			path = Protagonist.xcdatamodeld;
			sourceTree = "<group>";
			versionGroupType = wrapper.xcdatamodel;
		};
/* End XCVersionGroup section */
	};
	rootObject = 908B34522639954C002A6881 /* Project object */;
}
