// !$*UTF8*$!
{
	archiveVersion = 1;
	classes = {
	};
	objectVersion = 50;
	objects = {

/* Begin PBXBuildFile section */
		908B345E2639954C002A6881 /* AppDelegate.swift in Sources */ = {isa = PBXBuildFile; fileRef = 908B345D2639954C002A6881 /* AppDelegate.swift */; };
		908B34602639954C002A6881 /* SceneDelegate.swift in Sources */ = {isa = PBXBuildFile; fileRef = 908B345F2639954C002A6881 /* SceneDelegate.swift */; };
		908B34622639954C002A6881 /* ViewController.swift in Sources */ = {isa = PBXBuildFile; fileRef = 908B34612639954C002A6881 /* ViewController.swift */; };
		908B34652639954C002A6881 /* Main.storyboard in Resources */ = {isa = PBXBuildFile; fileRef = 908B34632639954C002A6881 /* Main.storyboard */; };
		908B34682639954C002A6881 /* Protagonist.xcdatamodeld in Sources */ = {isa = PBXBuildFile; fileRef = 908B34662639954C002A6881 /* Protagonist.xcdatamodeld */; };
		908B346A2639954D002A6881 /* Assets.xcassets in Resources */ = {isa = PBXBuildFile; fileRef = 908B34692639954D002A6881 /* Assets.xcassets */; };
		908B346D2639954D002A6881 /* LaunchScreen.storyboard in Resources */ = {isa = PBXBuildFile; fileRef = 908B346B2639954D002A6881 /* LaunchScreen.storyboard */; };
/* End PBXBuildFile section */

/* Begin PBXFileReference section */
		908B345A2639954C002A6881 /* Protagonist.app */ = {isa = PBXFileReference; explicitFileType = wrapper.application; includeInIndex = 0; path = Protagonist.app; sourceTree = BUILT_PRODUCTS_DIR; };
		908B345D2639954C002A6881 /* AppDelegate.swift */ = {isa = PBXFileReference; lastKnownFileType = sourcecode.swift; path = AppDelegate.swift; sourceTree = "<group>"; };
		908B345F2639954C002A6881 /* SceneDelegate.swift */ = {isa = PBXFileReference; lastKnownFileType = sourcecode.swift; path = SceneDelegate.swift; sourceTree = "<group>"; };
		908B34612639954C002A6881 /* ViewController.swift */ = {isa = PBXFileReference; lastKnownFileType = sourcecode.swift; path = ViewController.swift; sourceTree = "<group>"; };
		908B34642639954C002A6881 /* Base */ = {isa = PBXFileReference; lastKnownFileType = file.storyboard; name = Base; path = Base.lproj/Main.storyboard; sourceTree = "<group>"; };
		908B34672639954C002A6881 /* Protagonist.xcdatamodel */ = {isa = PBXFileReference; lastKnownFileType = wrapper.xcdatamodel; path = Protagonist.xcdatamodel; sourceTree = "<group>"; };
		908B34692639954D002A6881 /* Assets.xcassets */ = {isa = PBXFileReference; lastKnownFileType = folder.assetcatalog; path = Assets.xcassets; sourceTree = "<group>"; };
		908B346C2639954D002A6881 /* Base */ = {isa = PBXFileReference; lastKnownFileType = file.storyboard; name = Base; path = Base.lproj/LaunchScreen.storyboard; sourceTree = "<group>"; };
		908B346E2639954D002A6881 /* Info.plist */ = {isa = PBXFileReference; lastKnownFileType = text.plist.xml; path = Info.plist; sourceTree = "<group>"; };
/* End PBXFileReference section */

/* Begin PBXFrameworksBuildPhase section */
		908B34572639954C002A6881 /* Frameworks */ = {
			isa = PBXFrameworksBuildPhase;
			buildActionMask = 2147483647;
			files = (
			);
			runOnlyForDeploymentPostprocessing = 0;
		};
/* End PBXFrameworksBuildPhase section */

/* Begin PBXGroup section */
		908B34512639954C002A6881 = {
			isa = PBXGroup;
			children = (
				908B345C2639954C002A6881 /* Protagonist */,
				908B345B2639954C002A6881 /* Products */,
			);
			sourceTree = "<group>";
		};
		908B345B2639954C002A6881 /* Products */ = {
			isa = PBXGroup;
			children = (
				908B345A2639954C002A6881 /* Protagonist.app */,
			);
			name = Products;
			sourceTree = "<group>";
		};
		908B345C2639954C002A6881 /* Protagonist */ = {
			isa = PBXGroup;
			children = (
				908B345D2639954C002A6881 /* AppDelegate.swift */,
				908B345F2639954C002A6881 /* SceneDelegate.swift */,
				908B34612639954C002A6881 /* ViewController.swift */,
				908B34632639954C002A6881 /* Main.storyboard */,
				908B34692639954D002A6881 /* Assets.xcassets */,
				908B346B2639954D002A6881 /* LaunchScreen.storyboard */,
				908B346E2639954D002A6881 /* Info.plist */,
				908B34662639954C002A6881 /* Protagonist.xcdatamodeld */,
			);
			path = Protagonist;
			sourceTree = "<group>";
		};
/* End PBXGroup section */

/* Begin PBXNativeTarget section */
		908B34592639954C002A6881 /* Protagonist */ = {
			isa = PBXNativeTarget;
			buildConfigurationList = 908B34712639954D002A6881 /* Build configuration list for PBXNativeTarget "Protagonist" */;
			buildPhases = (
				908B34562639954C002A6881 /* Sources */,
				908B34572639954C002A6881 /* Frameworks */,
				908B34582639954C002A6881 /* Resources */,
			);
			buildRules = (
			);
			dependencies = (
			);
			name = Protagonist;
			productName = Protagonist;
			productReference = 908B345A2639954C002A6881 /* Protagonist.app */;
			productType = "com.apple.product-type.application";
		};
/* End PBXNativeTarget section */

/* Begin PBXProject section */
		908B34522639954C002A6881 /* Project object */ = {
			isa = PBXProject;
			attributes = {
				LastSwiftUpdateCheck = 1250;
				LastUpgradeCheck = 1250;
				TargetAttributes = {
					908B34592639954C002A6881 = {
						CreatedOnToolsVersion = 12.5;
					};
				};
			};
			buildConfigurationList = 908B34552639954C002A6881 /* Build configuration list for PBXProject "Protagonist" */;
			compatibilityVersion = "Xcode 9.3";
			developmentRegion = en;
			hasScannedForEncodings = 0;
			knownRegions = (
				en,
				Base,
			);
			mainGroup = 908B34512639954C002A6881;
			productRefGroup = 908B345B2639954C002A6881 /* Products */;
			projectDirPath = "";
			projectRoot = "";
			targets = (
				908B34592639954C002A6881 /* Protagonist */,
			);
		};
/* End PBXProject section */

/* Begin PBXResourcesBuildPhase section */
		908B34582639954C002A6881 /* Resources */ = {
			isa = PBXResourcesBuildPhase;
			buildActionMask = 2147483647;
			files = (
				908B346D2639954D002A6881 /* LaunchScreen.storyboard in Resources */,
				908B346A2639954D002A6881 /* Assets.xcassets in Resources */,
				908B34652639954C002A6881 /* Main.storyboard in Resources */,
			);
			runOnlyForDeploymentPostprocessing = 0;
		};
/* End PBXResourcesBuildPhase section */

/* Begin PBXSourcesBuildPhase section */
		908B34562639954C002A6881 /* Sources */ = {
			isa = PBXSourcesBuildPhase;
			buildActionMask = 2147483647;
			files = (
				908B34622639954C002A6881 /* ViewController.swift in Sources */,
				908B345E2639954C002A6881 /* AppDelegate.swift in Sources */,
				908B34682639954C002A6881 /* Protagonist.xcdatamodeld in Sources */,
				908B34602639954C002A6881 /* SceneDelegate.swift in Sources */,
			);
			runOnlyForDeploymentPostprocessing = 0;
		};
/* End PBXSourcesBuildPhase section */

/* Begin PBXVariantGroup section */
		908B34632639954C002A6881 /* Main.storyboard */ = {
			isa = PBXVariantGroup;
			children = (
				908B34642639954C002A6881 /* Base */,
			);
			name = Main.storyboard;
			sourceTree = "<group>";
		};
		908B346B2639954D002A6881 /* LaunchScreen.storyboard */ = {
			isa = PBXVariantGroup;
			children = (
				908B346C2639954D002A6881 /* Base */,
			);
			name = LaunchScreen.storyboard;
			sourceTree = "<group>";
		};
/* End PBXVariantGroup section */

/* Begin XCBuildConfiguration section */
		908B346F2639954D002A6881 /* Debug */ = {
			isa = XCBuildConfiguration;
			buildSettings = {
				ALWAYS_SEARCH_USER_PATHS = NO;
				CLANG_ANALYZER_NONNULL = YES;
				CLANG_ANALYZER_NUMBER_OBJECT_CONVERSION = YES_AGGRESSIVE;
				CLANG_CXX_LANGUAGE_STANDARD = "gnu++14";
				CLANG_CXX_LIBRARY = "libc++";
				CLANG_ENABLE_MODULES = YES;
				CLANG_ENABLE_OBJC_ARC = YES;
				CLANG_ENABLE_OBJC_WEAK = YES;
				CLANG_WARN_BLOCK_CAPTURE_AUTORELEASING = YES;
				CLANG_WARN_BOOL_CONVERSION = YES;
				CLANG_WARN_COMMA = YES;
				CLANG_WARN_CONSTANT_CONVERSION = YES;
				CLANG_WARN_DEPRECATED_OBJC_IMPLEMENTATIONS = YES;
				CLANG_WARN_DIRECT_OBJC_ISA_USAGE = YES_ERROR;
				CLANG_WARN_DOCUMENTATION_COMMENTS = YES;
				CLANG_WARN_EMPTY_BODY = YES;
				CLANG_WARN_ENUM_CONVERSION = YES;
				CLANG_WARN_INFINITE_RECURSION = YES;
				CLANG_WARN_INT_CONVERSION = YES;
				CLANG_WARN_NON_LITERAL_NULL_CONVERSION = YES;
				CLANG_WARN_OBJC_IMPLICIT_RETAIN_SELF = YES;
				CLANG_WARN_OBJC_LITERAL_CONVERSION = YES;
				CLANG_WARN_OBJC_ROOT_CLASS = YES_ERROR;
				CLANG_WARN_QUOTED_INCLUDE_IN_FRAMEWORK_HEADER = YES;
				CLANG_WARN_RANGE_LOOP_ANALYSIS = YES;
				CLANG_WARN_STRICT_PROTOTYPES = YES;
				CLANG_WARN_SUSPICIOUS_MOVE = YES;
				CLANG_WARN_UNGUARDED_AVAILABILITY = YES_AGGRESSIVE;
				CLANG_WARN_UNREACHABLE_CODE = YES;
				CLANG_WARN__DUPLICATE_METHOD_MATCH = YES;
				COPY_PHASE_STRIP = NO;
				DEBUG_INFORMATION_FORMAT = dwarf;
				ENABLE_STRICT_OBJC_MSGSEND = YES;
				ENABLE_TESTABILITY = YES;
				GCC_C_LANGUAGE_STANDARD = gnu11;
				GCC_DYNAMIC_NO_PIC = NO;
				GCC_NO_COMMON_BLOCKS = YES;
				GCC_OPTIMIZATION_LEVEL = 0;
				GCC_PREPROCESSOR_DEFINITIONS = (
					"DEBUG=1",
					"$(inherited)",
				);
				GCC_WARN_64_TO_32_BIT_CONVERSION = YES;
				GCC_WARN_ABOUT_RETURN_TYPE = YES_ERROR;
				GCC_WARN_UNDECLARED_SELECTOR = YES;
				GCC_WARN_UNINITIALIZED_AUTOS = YES_AGGRESSIVE;
				GCC_WARN_UNUSED_FUNCTION = YES;
				GCC_WARN_UNUSED_VARIABLE = YES;
				IPHONEOS_DEPLOYMENT_TARGET = 14.5;
				MTL_ENABLE_DEBUG_INFO = INCLUDE_SOURCE;
				MTL_FAST_MATH = YES;
				ONLY_ACTIVE_ARCH = YES;
				SDKROOT = iphoneos;
				SWIFT_ACTIVE_COMPILATION_CONDITIONS = DEBUG;
				SWIFT_OPTIMIZATION_LEVEL = "-Onone";
			};
			name = Debug;
		};
		908B34702639954D002A6881 /* Release */ = {
			isa = XCBuildConfiguration;
			buildSettings = {
				ALWAYS_SEARCH_USER_PATHS = NO;
				CLANG_ANALYZER_NONNULL = YES;
				CLANG_ANALYZER_NUMBER_OBJECT_CONVERSION = YES_AGGRESSIVE;
				CLANG_CXX_LANGUAGE_STANDARD = "gnu++14";
				CLANG_CXX_LIBRARY = "libc++";
				CLANG_ENABLE_MODULES = YES;
				CLANG_ENABLE_OBJC_ARC = YES;
				CLANG_ENABLE_OBJC_WEAK = YES;
				CLANG_WARN_BLOCK_CAPTURE_AUTORELEASING = YES;
				CLANG_WARN_BOOL_CONVERSION = YES;
				CLANG_WARN_COMMA = YES;
				CLANG_WARN_CONSTANT_CONVERSION = YES;
				CLANG_WARN_DEPRECATED_OBJC_IMPLEMENTATIONS = YES;
				CLANG_WARN_DIRECT_OBJC_ISA_USAGE = YES_ERROR;
				CLANG_WARN_DOCUMENTATION_COMMENTS = YES;
				CLANG_WARN_EMPTY_BODY = YES;
				CLANG_WARN_ENUM_CONVERSION = YES;
				CLANG_WARN_INFINITE_RECURSION = YES;
				CLANG_WARN_INT_CONVERSION = YES;
				CLANG_WARN_NON_LITERAL_NULL_CONVERSION = YES;
				CLANG_WARN_OBJC_IMPLICIT_RETAIN_SELF = YES;
				CLANG_WARN_OBJC_LITERAL_CONVERSION = YES;
				CLANG_WARN_OBJC_ROOT_CLASS = YES_ERROR;
				CLANG_WARN_QUOTED_INCLUDE_IN_FRAMEWORK_HEADER = YES;
				CLANG_WARN_RANGE_LOOP_ANALYSIS = YES;
				CLANG_WARN_STRICT_PROTOTYPES = YES;
				CLANG_WARN_SUSPICIOUS_MOVE = YES;
				CLANG_WARN_UNGUARDED_AVAILABILITY = YES_AGGRESSIVE;
				CLANG_WARN_UNREACHABLE_CODE = YES;
				CLANG_WARN__DUPLICATE_METHOD_MATCH = YES;
				COPY_PHASE_STRIP = NO;
				DEBUG_INFORMATION_FORMAT = "dwarf-with-dsym";
				ENABLE_NS_ASSERTIONS = NO;
				ENABLE_STRICT_OBJC_MSGSEND = YES;
				GCC_C_LANGUAGE_STANDARD = gnu11;
				GCC_NO_COMMON_BLOCKS = YES;
				GCC_WARN_64_TO_32_BIT_CONVERSION = YES;
				GCC_WARN_ABOUT_RETURN_TYPE = YES_ERROR;
				GCC_WARN_UNDECLARED_SELECTOR = YES;
				GCC_WARN_UNINITIALIZED_AUTOS = YES_AGGRESSIVE;
				GCC_WARN_UNUSED_FUNCTION = YES;
				GCC_WARN_UNUSED_VARIABLE = YES;
				IPHONEOS_DEPLOYMENT_TARGET = 14.5;
				MTL_ENABLE_DEBUG_INFO = NO;
				MTL_FAST_MATH = YES;
				SDKROOT = iphoneos;
				SWIFT_COMPILATION_MODE = wholemodule;
				SWIFT_OPTIMIZATION_LEVEL = "-O";
				VALIDATE_PRODUCT = YES;
			};
			name = Release;
		};
		908B34722639954D002A6881 /* Debug */ = {
			isa = XCBuildConfiguration;
			buildSettings = {
				ASSETCATALOG_COMPILER_APPICON_NAME = AppIcon;
				ASSETCATALOG_COMPILER_GLOBAL_ACCENT_COLOR_NAME = AccentColor;
				CODE_SIGN_STYLE = Automatic;
				DEVELOPMENT_TEAM = S6LU55DTCY;
				INFOPLIST_FILE = Protagonist/Info.plist;
				LD_RUNPATH_SEARCH_PATHS = (
					"$(inherited)",
					"@executable_path/Frameworks",
				);
				PRODUCT_BUNDLE_IDENTIFIER = edu.yahya.Protagonist;
				PRODUCT_NAME = "$(TARGET_NAME)";
				SWIFT_VERSION = 5.0;
				TARGETED_DEVICE_FAMILY = "1,2";
			};
			name = Debug;
		};
		908B34732639954D002A6881 /* Release */ = {
			isa = XCBuildConfiguration;
			buildSettings = {
				ASSETCATALOG_COMPILER_APPICON_NAME = AppIcon;
				ASSETCATALOG_COMPILER_GLOBAL_ACCENT_COLOR_NAME = AccentColor;
				CODE_SIGN_STYLE = Automatic;
				DEVELOPMENT_TEAM = S6LU55DTCY;
				INFOPLIST_FILE = Protagonist/Info.plist;
				LD_RUNPATH_SEARCH_PATHS = (
					"$(inherited)",
					"@executable_path/Frameworks",
				);
				PRODUCT_BUNDLE_IDENTIFIER = edu.yahya.Protagonist;
				PRODUCT_NAME = "$(TARGET_NAME)";
				SWIFT_VERSION = 5.0;
				TARGETED_DEVICE_FAMILY = "1,2";
			};
			name = Release;
		};
/* End XCBuildConfiguration section */

/* Begin XCConfigurationList section */
		908B34552639954C002A6881 /* Build configuration list for PBXProject "Protagonist" */ = {
			isa = XCConfigurationList;
			buildConfigurations = (
				908B346F2639954D002A6881 /* Debug */,
				908B34702639954D002A6881 /* Release */,
			);
			defaultConfigurationIsVisible = 0;
			defaultConfigurationName = Release;
		};
		908B34712639954D002A6881 /* Build configuration list for PBXNativeTarget "Protagonist" */ = {
			isa = XCConfigurationList;
			buildConfigurations = (
				908B34722639954D002A6881 /* Debug */,
				908B34732639954D002A6881 /* Release */,
			);
			defaultConfigurationIsVisible = 0;
			defaultConfigurationName = Release;
		};
/* End XCConfigurationList section */

/* Begin XCVersionGroup section */
		908B34662639954C002A6881 /* Protagonist.xcdatamodeld */ = {
			isa = XCVersionGroup;
			children = (
				908B34672639954C002A6881 /* Protagonist.xcdatamodel */,
			);
			currentVersion = 908B34672639954C002A6881 /* Protagonist.xcdatamodel */;
			path = Protagonist.xcdatamodeld;
			sourceTree = "<group>";
			versionGroupType = wrapper.xcdatamodel;
		};
/* End XCVersionGroup section */
	};
	rootObject = 908B34522639954C002A6881 /* Project object */;
}
